// !$*UTF8*$!
{
	archiveVersion = 1;
	classes = {
	};
	objectVersion = 48;
	objects = {

/* Begin PBXBuildFile section */
		526D30921FECDD0A0046E1CB /* RecipesViewController.swift in Sources */ = {isa = PBXBuildFile; fileRef = 526D30911FECDD0A0046E1CB /* RecipesViewController.swift */; };
		526D30941FECDDC30046E1CB /* DatabaseController.swift in Sources */ = {isa = PBXBuildFile; fileRef = 526D30931FECDDC30046E1CB /* DatabaseController.swift */; };
		52A8FCD71FECE41400A37FC0 /* RecipeCell.swift in Sources */ = {isa = PBXBuildFile; fileRef = 52A8FCD51FECE41400A37FC0 /* RecipeCell.swift */; };
		52A8FCD81FECE41400A37FC0 /* RecipeCell.xib in Resources */ = {isa = PBXBuildFile; fileRef = 52A8FCD61FECE41400A37FC0 /* RecipeCell.xib */; };
		52A8FCDB1FECEFA000A37FC0 /* Recipe.swift in Sources */ = {isa = PBXBuildFile; fileRef = 52A8FCDA1FECEFA000A37FC0 /* Recipe.swift */; };
		52A8FCDD1FECF93700A37FC0 /* recipes.plist in Resources */ = {isa = PBXBuildFile; fileRef = 52A8FCDC1FECF93700A37FC0 /* recipes.plist */; };
		52A8FCE41FED0C5F00A37FC0 /* Recipes+CoreDataClass.swift in Sources */ = {isa = PBXBuildFile; fileRef = 52A8FCE21FED0C5F00A37FC0 /* Recipes+CoreDataClass.swift */; };
		52A8FCE51FED0C5F00A37FC0 /* Recipes+CoreDataProperties.swift in Sources */ = {isa = PBXBuildFile; fileRef = 52A8FCE31FED0C5F00A37FC0 /* Recipes+CoreDataProperties.swift */; };
		52C35A521FEB91F100F91602 /* AppDelegate.swift in Sources */ = {isa = PBXBuildFile; fileRef = 52C35A511FEB91F100F91602 /* AppDelegate.swift */; };
		52C35A541FEB91F100F91602 /* ViewController.swift in Sources */ = {isa = PBXBuildFile; fileRef = 52C35A531FEB91F100F91602 /* ViewController.swift */; };
		52C35A571FEB91F100F91602 /* Main.storyboard in Resources */ = {isa = PBXBuildFile; fileRef = 52C35A551FEB91F100F91602 /* Main.storyboard */; };
		52C35A5A1FEB91F100F91602 /* crfintech_test.xcdatamodeld in Sources */ = {isa = PBXBuildFile; fileRef = 52C35A581FEB91F100F91602 /* crfintech_test.xcdatamodeld */; };
		52C35A5C1FEB91F100F91602 /* Assets.xcassets in Resources */ = {isa = PBXBuildFile; fileRef = 52C35A5B1FEB91F100F91602 /* Assets.xcassets */; };
		52C35A5F1FEB91F100F91602 /* LaunchScreen.storyboard in Resources */ = {isa = PBXBuildFile; fileRef = 52C35A5D1FEB91F100F91602 /* LaunchScreen.storyboard */; };
		52C35A681FEB975C00F91602 /* MenuCollectionViewCell.swift in Sources */ = {isa = PBXBuildFile; fileRef = 52C35A661FEB975C00F91602 /* MenuCollectionViewCell.swift */; };
		52C35A691FEB975C00F91602 /* MenuCollectionViewCell.xib in Resources */ = {isa = PBXBuildFile; fileRef = 52C35A671FEB975C00F91602 /* MenuCollectionViewCell.xib */; };
		52C35A6B1FEBC1C100F91602 /* HorizontalMenu.swift in Sources */ = {isa = PBXBuildFile; fileRef = 52C35A6A1FEBC1C100F91602 /* HorizontalMenu.swift */; };
/* End PBXBuildFile section */

/* Begin PBXFileReference section */
		526D30911FECDD0A0046E1CB /* RecipesViewController.swift */ = {isa = PBXFileReference; lastKnownFileType = sourcecode.swift; path = RecipesViewController.swift; sourceTree = "<group>"; };
		526D30931FECDDC30046E1CB /* DatabaseController.swift */ = {isa = PBXFileReference; lastKnownFileType = sourcecode.swift; path = DatabaseController.swift; sourceTree = "<group>"; };
		52A8FCD51FECE41400A37FC0 /* RecipeCell.swift */ = {isa = PBXFileReference; lastKnownFileType = sourcecode.swift; path = RecipeCell.swift; sourceTree = "<group>"; };
		52A8FCD61FECE41400A37FC0 /* RecipeCell.xib */ = {isa = PBXFileReference; lastKnownFileType = file.xib; path = RecipeCell.xib; sourceTree = "<group>"; };
		52A8FCDA1FECEFA000A37FC0 /* Recipe.swift */ = {isa = PBXFileReference; lastKnownFileType = sourcecode.swift; path = Recipe.swift; sourceTree = "<group>"; };
		52A8FCDC1FECF93700A37FC0 /* recipes.plist */ = {isa = PBXFileReference; lastKnownFileType = text.plist.xml; path = recipes.plist; sourceTree = "<group>"; };
		52A8FCE21FED0C5F00A37FC0 /* Recipes+CoreDataClass.swift */ = {isa = PBXFileReference; lastKnownFileType = sourcecode.swift; path = "Recipes+CoreDataClass.swift"; sourceTree = "<group>"; };
		52A8FCE31FED0C5F00A37FC0 /* Recipes+CoreDataProperties.swift */ = {isa = PBXFileReference; lastKnownFileType = sourcecode.swift; path = "Recipes+CoreDataProperties.swift"; sourceTree = "<group>"; };
		52C35A4E1FEB91F100F91602 /* crfintech-test.app */ = {isa = PBXFileReference; explicitFileType = wrapper.application; includeInIndex = 0; path = "crfintech-test.app"; sourceTree = BUILT_PRODUCTS_DIR; };
		52C35A511FEB91F100F91602 /* AppDelegate.swift */ = {isa = PBXFileReference; lastKnownFileType = sourcecode.swift; path = AppDelegate.swift; sourceTree = "<group>"; };
		52C35A531FEB91F100F91602 /* ViewController.swift */ = {isa = PBXFileReference; lastKnownFileType = sourcecode.swift; path = ViewController.swift; sourceTree = "<group>"; };
		52C35A561FEB91F100F91602 /* Base */ = {isa = PBXFileReference; lastKnownFileType = file.storyboard; name = Base; path = Base.lproj/Main.storyboard; sourceTree = "<group>"; };
		52C35A591FEB91F100F91602 /* crfintech_test.xcdatamodel */ = {isa = PBXFileReference; lastKnownFileType = wrapper.xcdatamodel; path = crfintech_test.xcdatamodel; sourceTree = "<group>"; };
		52C35A5B1FEB91F100F91602 /* Assets.xcassets */ = {isa = PBXFileReference; lastKnownFileType = folder.assetcatalog; path = Assets.xcassets; sourceTree = "<group>"; };
		52C35A5E1FEB91F100F91602 /* Base */ = {isa = PBXFileReference; lastKnownFileType = file.storyboard; name = Base; path = Base.lproj/LaunchScreen.storyboard; sourceTree = "<group>"; };
		52C35A601FEB91F100F91602 /* Info.plist */ = {isa = PBXFileReference; lastKnownFileType = text.plist.xml; path = Info.plist; sourceTree = "<group>"; };
		52C35A661FEB975C00F91602 /* MenuCollectionViewCell.swift */ = {isa = PBXFileReference; lastKnownFileType = sourcecode.swift; path = MenuCollectionViewCell.swift; sourceTree = "<group>"; };
		52C35A671FEB975C00F91602 /* MenuCollectionViewCell.xib */ = {isa = PBXFileReference; lastKnownFileType = file.xib; path = MenuCollectionViewCell.xib; sourceTree = "<group>"; };
		52C35A6A1FEBC1C100F91602 /* HorizontalMenu.swift */ = {isa = PBXFileReference; lastKnownFileType = sourcecode.swift; path = HorizontalMenu.swift; sourceTree = "<group>"; };
/* End PBXFileReference section */

/* Begin PBXFrameworksBuildPhase section */
		52C35A4B1FEB91F100F91602 /* Frameworks */ = {
			isa = PBXFrameworksBuildPhase;
			buildActionMask = 2147483647;
			files = (
			);
			runOnlyForDeploymentPostprocessing = 0;
		};
/* End PBXFrameworksBuildPhase section */

/* Begin PBXGroup section */
		52A8FCD41FECE2E000A37FC0 /* Views */ = {
			isa = PBXGroup;
			children = (
				52C35A5D1FEB91F100F91602 /* LaunchScreen.storyboard */,
				52C35A551FEB91F100F91602 /* Main.storyboard */,
				52C35A6A1FEBC1C100F91602 /* HorizontalMenu.swift */,
				52C35A661FEB975C00F91602 /* MenuCollectionViewCell.swift */,
				52C35A671FEB975C00F91602 /* MenuCollectionViewCell.xib */,
				52A8FCD51FECE41400A37FC0 /* RecipeCell.swift */,
				52A8FCD61FECE41400A37FC0 /* RecipeCell.xib */,
			);
			path = Views;
			sourceTree = "<group>";
		};
		52A8FCD91FECEF5400A37FC0 /* Models */ = {
			isa = PBXGroup;
			children = (
				52A8FCE21FED0C5F00A37FC0 /* Recipes+CoreDataClass.swift */,
				52A8FCE31FED0C5F00A37FC0 /* Recipes+CoreDataProperties.swift */,
				52A8FCDA1FECEFA000A37FC0 /* Recipe.swift */,
			);
			path = Models;
			sourceTree = "<group>";
		};
		52A8FCE61FED398D00A37FC0 /* Controllers */ = {
			isa = PBXGroup;
			children = (
				526D30931FECDDC30046E1CB /* DatabaseController.swift */,
				526D30911FECDD0A0046E1CB /* RecipesViewController.swift */,
				52C35A531FEB91F100F91602 /* ViewController.swift */,
			);
			path = Controllers;
			sourceTree = "<group>";
		};
		52C35A451FEB91F100F91602 = {
			isa = PBXGroup;
			children = (
				52C35A501FEB91F100F91602 /* crfintech-test */,
				52C35A4F1FEB91F100F91602 /* Products */,
			);
			sourceTree = "<group>";
		};
		52C35A4F1FEB91F100F91602 /* Products */ = {
			isa = PBXGroup;
			children = (
				52C35A4E1FEB91F100F91602 /* crfintech-test.app */,
			);
			name = Products;
			sourceTree = "<group>";
		};
		52C35A501FEB91F100F91602 /* crfintech-test */ = {
			isa = PBXGroup;
			children = (
				52C35A511FEB91F100F91602 /* AppDelegate.swift */,
				52C35A5B1FEB91F100F91602 /* Assets.xcassets */,
				52A8FCE61FED398D00A37FC0 /* Controllers */,
				52C35A581FEB91F100F91602 /* crfintech_test.xcdatamodeld */,
				52C35A601FEB91F100F91602 /* Info.plist */,
				52A8FCD91FECEF5400A37FC0 /* Models */,
				52A8FCDC1FECF93700A37FC0 /* recipes.plist */,
				52A8FCD41FECE2E000A37FC0 /* Views */,
			);
			path = "crfintech-test";
			sourceTree = "<group>";
		};
/* End PBXGroup section */

/* Begin PBXNativeTarget section */
		52C35A4D1FEB91F100F91602 /* crfintech-test */ = {
			isa = PBXNativeTarget;
			buildConfigurationList = 52C35A631FEB91F100F91602 /* Build configuration list for PBXNativeTarget "crfintech-test" */;
			buildPhases = (
				52C35A4A1FEB91F100F91602 /* Sources */,
				52C35A4B1FEB91F100F91602 /* Frameworks */,
				52C35A4C1FEB91F100F91602 /* Resources */,
			);
			buildRules = (
			);
			dependencies = (
			);
			name = "crfintech-test";
			productName = "crfintech-test";
			productReference = 52C35A4E1FEB91F100F91602 /* crfintech-test.app */;
			productType = "com.apple.product-type.application";
		};
/* End PBXNativeTarget section */

/* Begin PBXProject section */
		52C35A461FEB91F100F91602 /* Project object */ = {
			isa = PBXProject;
			attributes = {
				LastSwiftUpdateCheck = 0920;
				LastUpgradeCheck = 0920;
				ORGANIZATIONNAME = basicdas;
				TargetAttributes = {
					52C35A4D1FEB91F100F91602 = {
						CreatedOnToolsVersion = 9.2;
						ProvisioningStyle = Automatic;
					};
				};
			};
			buildConfigurationList = 52C35A491FEB91F100F91602 /* Build configuration list for PBXProject "crfintech-test" */;
			compatibilityVersion = "Xcode 8.0";
			developmentRegion = en;
			hasScannedForEncodings = 0;
			knownRegions = (
				en,
				Base,
			);
			mainGroup = 52C35A451FEB91F100F91602;
			productRefGroup = 52C35A4F1FEB91F100F91602 /* Products */;
			projectDirPath = "";
			projectRoot = "";
			targets = (
				52C35A4D1FEB91F100F91602 /* crfintech-test */,
			);
		};
/* End PBXProject section */

/* Begin PBXResourcesBuildPhase section */
		52C35A4C1FEB91F100F91602 /* Resources */ = {
			isa = PBXResourcesBuildPhase;
			buildActionMask = 2147483647;
			files = (
				52C35A5F1FEB91F100F91602 /* LaunchScreen.storyboard in Resources */,
				52C35A5C1FEB91F100F91602 /* Assets.xcassets in Resources */,
				52A8FCDD1FECF93700A37FC0 /* recipes.plist in Resources */,
				52A8FCD81FECE41400A37FC0 /* RecipeCell.xib in Resources */,
				52C35A571FEB91F100F91602 /* Main.storyboard in Resources */,
				52C35A691FEB975C00F91602 /* MenuCollectionViewCell.xib in Resources */,
			);
			runOnlyForDeploymentPostprocessing = 0;
		};
/* End PBXResourcesBuildPhase section */

/* Begin PBXSourcesBuildPhase section */
		52C35A4A1FEB91F100F91602 /* Sources */ = {
			isa = PBXSourcesBuildPhase;
			buildActionMask = 2147483647;
			files = (
				52C35A5A1FEB91F100F91602 /* crfintech_test.xcdatamodeld in Sources */,
				52C35A541FEB91F100F91602 /* ViewController.swift in Sources */,
				52C35A521FEB91F100F91602 /* AppDelegate.swift in Sources */,
				52A8FCE41FED0C5F00A37FC0 /* Recipes+CoreDataClass.swift in Sources */,
				52A8FCD71FECE41400A37FC0 /* RecipeCell.swift in Sources */,
				52C35A681FEB975C00F91602 /* MenuCollectionViewCell.swift in Sources */,
				52A8FCE51FED0C5F00A37FC0 /* Recipes+CoreDataProperties.swift in Sources */,
				526D30921FECDD0A0046E1CB /* RecipesViewController.swift in Sources */,
				52A8FCDB1FECEFA000A37FC0 /* Recipe.swift in Sources */,
				52C35A6B1FEBC1C100F91602 /* HorizontalMenu.swift in Sources */,
				526D30941FECDDC30046E1CB /* DatabaseController.swift in Sources */,
			);
			runOnlyForDeploymentPostprocessing = 0;
		};
/* End PBXSourcesBuildPhase section */

/* Begin PBXVariantGroup section */
		52C35A551FEB91F100F91602 /* Main.storyboard */ = {
			isa = PBXVariantGroup;
			children = (
				52C35A561FEB91F100F91602 /* Base */,
			);
			name = Main.storyboard;
			sourceTree = "<group>";
		};
		52C35A5D1FEB91F100F91602 /* LaunchScreen.storyboard */ = {
			isa = PBXVariantGroup;
			children = (
				52C35A5E1FEB91F100F91602 /* Base */,
			);
			name = LaunchScreen.storyboard;
			sourceTree = "<group>";
		};
/* End PBXVariantGroup section */

/* Begin XCBuildConfiguration section */
		52C35A611FEB91F100F91602 /* Debug */ = {
			isa = XCBuildConfiguration;
			buildSettings = {
				ALWAYS_SEARCH_USER_PATHS = NO;
				CLANG_ANALYZER_NONNULL = YES;
				CLANG_ANALYZER_NUMBER_OBJECT_CONVERSION = YES_AGGRESSIVE;
				CLANG_CXX_LANGUAGE_STANDARD = "gnu++14";
				CLANG_CXX_LIBRARY = "libc++";
				CLANG_ENABLE_MODULES = YES;
				CLANG_ENABLE_OBJC_ARC = YES;
				CLANG_WARN_BLOCK_CAPTURE_AUTORELEASING = YES;
				CLANG_WARN_BOOL_CONVERSION = YES;
				CLANG_WARN_COMMA = YES;
				CLANG_WARN_CONSTANT_CONVERSION = YES;
				CLANG_WARN_DIRECT_OBJC_ISA_USAGE = YES_ERROR;
				CLANG_WARN_DOCUMENTATION_COMMENTS = YES;
				CLANG_WARN_EMPTY_BODY = YES;
				CLANG_WARN_ENUM_CONVERSION = YES;
				CLANG_WARN_INFINITE_RECURSION = YES;
				CLANG_WARN_INT_CONVERSION = YES;
				CLANG_WARN_NON_LITERAL_NULL_CONVERSION = YES;
				CLANG_WARN_OBJC_LITERAL_CONVERSION = YES;
				CLANG_WARN_OBJC_ROOT_CLASS = YES_ERROR;
				CLANG_WARN_RANGE_LOOP_ANALYSIS = YES;
				CLANG_WARN_STRICT_PROTOTYPES = YES;
				CLANG_WARN_SUSPICIOUS_MOVE = YES;
				CLANG_WARN_UNGUARDED_AVAILABILITY = YES_AGGRESSIVE;
				CLANG_WARN_UNREACHABLE_CODE = YES;
				CLANG_WARN__DUPLICATE_METHOD_MATCH = YES;
				CODE_SIGN_IDENTITY = "iPhone Developer";
				COPY_PHASE_STRIP = NO;
				DEBUG_INFORMATION_FORMAT = dwarf;
				ENABLE_STRICT_OBJC_MSGSEND = YES;
				ENABLE_TESTABILITY = YES;
				GCC_C_LANGUAGE_STANDARD = gnu11;
				GCC_DYNAMIC_NO_PIC = NO;
				GCC_NO_COMMON_BLOCKS = YES;
				GCC_OPTIMIZATION_LEVEL = 0;
				GCC_PREPROCESSOR_DEFINITIONS = (
					"DEBUG=1",
					"$(inherited)",
				);
				GCC_WARN_64_TO_32_BIT_CONVERSION = YES;
				GCC_WARN_ABOUT_RETURN_TYPE = YES_ERROR;
				GCC_WARN_UNDECLARED_SELECTOR = YES;
				GCC_WARN_UNINITIALIZED_AUTOS = YES_AGGRESSIVE;
				GCC_WARN_UNUSED_FUNCTION = YES;
				GCC_WARN_UNUSED_VARIABLE = YES;
				IPHONEOS_DEPLOYMENT_TARGET = 11.2;
				MTL_ENABLE_DEBUG_INFO = YES;
				ONLY_ACTIVE_ARCH = YES;
				SDKROOT = iphoneos;
				SWIFT_ACTIVE_COMPILATION_CONDITIONS = DEBUG;
				SWIFT_OPTIMIZATION_LEVEL = "-Onone";
			};
			name = Debug;
		};
		52C35A621FEB91F100F91602 /* Release */ = {
			isa = XCBuildConfiguration;
			buildSettings = {
				ALWAYS_SEARCH_USER_PATHS = NO;
				CLANG_ANALYZER_NONNULL = YES;
				CLANG_ANALYZER_NUMBER_OBJECT_CONVERSION = YES_AGGRESSIVE;
				CLANG_CXX_LANGUAGE_STANDARD = "gnu++14";
				CLANG_CXX_LIBRARY = "libc++";
				CLANG_ENABLE_MODULES = YES;
				CLANG_ENABLE_OBJC_ARC = YES;
				CLANG_WARN_BLOCK_CAPTURE_AUTORELEASING = YES;
				CLANG_WARN_BOOL_CONVERSION = YES;
				CLANG_WARN_COMMA = YES;
				CLANG_WARN_CONSTANT_CONVERSION = YES;
				CLANG_WARN_DIRECT_OBJC_ISA_USAGE = YES_ERROR;
				CLANG_WARN_DOCUMENTATION_COMMENTS = YES;
				CLANG_WARN_EMPTY_BODY = YES;
				CLANG_WARN_ENUM_CONVERSION = YES;
				CLANG_WARN_INFINITE_RECURSION = YES;
				CLANG_WARN_INT_CONVERSION = YES;
				CLANG_WARN_NON_LITERAL_NULL_CONVERSION = YES;
				CLANG_WARN_OBJC_LITERAL_CONVERSION = YES;
				CLANG_WARN_OBJC_ROOT_CLASS = YES_ERROR;
				CLANG_WARN_RANGE_LOOP_ANALYSIS = YES;
				CLANG_WARN_STRICT_PROTOTYPES = YES;
				CLANG_WARN_SUSPICIOUS_MOVE = YES;
				CLANG_WARN_UNGUARDED_AVAILABILITY = YES_AGGRESSIVE;
				CLANG_WARN_UNREACHABLE_CODE = YES;
				CLANG_WARN__DUPLICATE_METHOD_MATCH = YES;
				CODE_SIGN_IDENTITY = "iPhone Developer";
				COPY_PHASE_STRIP = NO;
				DEBUG_INFORMATION_FORMAT = "dwarf-with-dsym";
				ENABLE_NS_ASSERTIONS = NO;
				ENABLE_STRICT_OBJC_MSGSEND = YES;
				GCC_C_LANGUAGE_STANDARD = gnu11;
				GCC_NO_COMMON_BLOCKS = YES;
				GCC_WARN_64_TO_32_BIT_CONVERSION = YES;
				GCC_WARN_ABOUT_RETURN_TYPE = YES_ERROR;
				GCC_WARN_UNDECLARED_SELECTOR = YES;
				GCC_WARN_UNINITIALIZED_AUTOS = YES_AGGRESSIVE;
				GCC_WARN_UNUSED_FUNCTION = YES;
				GCC_WARN_UNUSED_VARIABLE = YES;
				IPHONEOS_DEPLOYMENT_TARGET = 11.2;
				MTL_ENABLE_DEBUG_INFO = NO;
				SDKROOT = iphoneos;
				SWIFT_OPTIMIZATION_LEVEL = "-Owholemodule";
				VALIDATE_PRODUCT = YES;
			};
			name = Release;
		};
		52C35A641FEB91F100F91602 /* Debug */ = {
			isa = XCBuildConfiguration;
			buildSettings = {
				ASSETCATALOG_COMPILER_APPICON_NAME = AppIcon;
				CODE_SIGN_STYLE = Automatic;
				DEVELOPMENT_TEAM = 845YHJXAK5;
				INFOPLIST_FILE = "crfintech-test/Info.plist";
				IPHONEOS_DEPLOYMENT_TARGET = 10.1;
				LD_RUNPATH_SEARCH_PATHS = "$(inherited) @executable_path/Frameworks";
				PRODUCT_BUNDLE_IDENTIFIER = "com.basicdas.crfintech-test";
				PRODUCT_NAME = "$(TARGET_NAME)";
				SWIFT_VERSION = 4.0;
				TARGETED_DEVICE_FAMILY = "1,2";
			};
			name = Debug;
		};
		52C35A651FEB91F100F91602 /* Release */ = {
			isa = XCBuildConfiguration;
			buildSettings = {
				ASSETCATALOG_COMPILER_APPICON_NAME = AppIcon;
				CODE_SIGN_STYLE = Automatic;
				DEVELOPMENT_TEAM = 845YHJXAK5;
				INFOPLIST_FILE = "crfintech-test/Info.plist";
				IPHONEOS_DEPLOYMENT_TARGET = 10.1;
				LD_RUNPATH_SEARCH_PATHS = "$(inherited) @executable_path/Frameworks";
				PRODUCT_BUNDLE_IDENTIFIER = "com.basicdas.crfintech-test";
				PRODUCT_NAME = "$(TARGET_NAME)";
				SWIFT_VERSION = 4.0;
				TARGETED_DEVICE_FAMILY = "1,2";
			};
			name = Release;
		};
/* End XCBuildConfiguration section */

/* Begin XCConfigurationList section */
		52C35A491FEB91F100F91602 /* Build configuration list for PBXProject "crfintech-test" */ = {
			isa = XCConfigurationList;
			buildConfigurations = (
				52C35A611FEB91F100F91602 /* Debug */,
				52C35A621FEB91F100F91602 /* Release */,
			);
			defaultConfigurationIsVisible = 0;
			defaultConfigurationName = Release;
		};
		52C35A631FEB91F100F91602 /* Build configuration list for PBXNativeTarget "crfintech-test" */ = {
			isa = XCConfigurationList;
			buildConfigurations = (
				52C35A641FEB91F100F91602 /* Debug */,
				52C35A651FEB91F100F91602 /* Release */,
			);
			defaultConfigurationIsVisible = 0;
			defaultConfigurationName = Release;
		};
/* End XCConfigurationList section */

/* Begin XCVersionGroup section */
		52C35A581FEB91F100F91602 /* crfintech_test.xcdatamodeld */ = {
			isa = XCVersionGroup;
			children = (
				52C35A591FEB91F100F91602 /* crfintech_test.xcdatamodel */,
			);
			currentVersion = 52C35A591FEB91F100F91602 /* crfintech_test.xcdatamodel */;
			path = crfintech_test.xcdatamodeld;
			sourceTree = "<group>";
			versionGroupType = wrapper.xcdatamodel;
		};
/* End XCVersionGroup section */
	};
	rootObject = 52C35A461FEB91F100F91602 /* Project object */;
}
